
Microsoft Visual Studio Solution File, Format Version 12.00
# Visual Studio 15
VisualStudioVersion = 15.0.27428.2043
MinimumVisualStudioVersion = 10.0.40219.1
Project("{FAE04EC0-301F-11D3-BF4B-00C04F79EFBC}") = "UnicodeAndPermutation", "UnicodeAndPermutation\UnicodeAndPermutation.csproj", "{5960A71C-0F87-4A53-A253-6CFE98377926}"
EndProject
Global
	GlobalSection(SolutionConfigurationPlatforms) = preSolution
		Debug|Any CPU = Debug|Any CPU
		Release|Any CPU = Release|Any CPU
	EndGlobalSection
	GlobalSection(ProjectConfigurationPlatforms) = postSolution
		{5960A71C-0F87-4A53-A253-6CFE98377926}.Debug|Any CPU.ActiveCfg = Debug|Any CPU
		{5960A71C-0F87-4A53-A253-6CFE98377926}.Debug|Any CPU.Build.0 = Debug|Any CPU
		{5960A71C-0F87-4A53-A253-6CFE98377926}.Release|Any CPU.ActiveCfg = Release|Any CPU
		{5960A71C-0F87-4A53-A253-6CFE98377926}.Release|Any CPU.Build.0 = Release|Any CPU
	EndGlobalSection
	GlobalSection(SolutionProperties) = preSolution
		HideSolutionNode = FALSE
	EndGlobalSection
	GlobalSection(ExtensibilityGlobals) = postSolution
		SolutionGuid = {1871D027-4F38-4E87-A297-6836F80DBDC5}
	EndGlobalSection
EndGlobal
